
Microsoft Visual Studio Solution File, Format Version 12.00
# Visual Studio Version 17
VisualStudioVersion = 17.9.34622.214
MinimumVisualStudioVersion = 10.0.40219.1
Project("{FAE04EC0-301F-11D3-BF4B-00C04F79EFBC}") = "Commerce.Api", "Commerce.Api\Commerce.Api.csproj", "{DD3ED8C1-82A6-4CE6-8E0A-944C00EA97D9}"
EndProject
Global
	GlobalSection(SolutionConfigurationPlatforms) = preSolution
		Debug|Any CPU = Debug|Any CPU
		Release|Any CPU = Release|Any CPU
	EndGlobalSection
	GlobalSection(ProjectConfigurationPlatforms) = postSolution
		{DD3ED8C1-82A6-4CE6-8E0A-944C00EA97D9}.Debug|Any CPU.ActiveCfg = Debug|Any CPU
		{DD3ED8C1-82A6-4CE6-8E0A-944C00EA97D9}.Debug|Any CPU.Build.0 = Debug|Any CPU
		{DD3ED8C1-82A6-4CE6-8E0A-944C00EA97D9}.Release|Any CPU.ActiveCfg = Release|Any CPU
		{DD3ED8C1-82A6-4CE6-8E0A-944C00EA97D9}.Release|Any CPU.Build.0 = Release|Any CPU
	EndGlobalSection
	GlobalSection(SolutionProperties) = preSolution
		HideSolutionNode = FALSE
	EndGlobalSection
	GlobalSection(ExtensibilityGlobals) = postSolution
		SolutionGuid = {2BA863B7-9004-409E-8859-4697D49EFBE8}
	EndGlobalSection
EndGlobal
